
Microsoft Visual Studio Solution File, Format Version 12.00
# Visual Studio Version 17
VisualStudioVersion = 17.7.34221.43
MinimumVisualStudioVersion = 10.0.40219.1
Project("{9A19103F-16F7-4668-BE54-9A1E7A4F7556}") = "Personae", "Core\Personae\Personae.csproj", "{8E349584-BE0D-40E5-8127-F03F906AC329}"
EndProject
Project("{9A19103F-16F7-4668-BE54-9A1E7A4F7556}") = "Simulator", "Core\Simulator\Simulator.csproj", "{42EC9F81-BF05-42BA-A95A-D40C87B781DD}"
EndProject
Project("{2150E333-8FDC-42A3-9474-1A3956D46DE8}") = "Core", "Core", "{CDC7A748-3B83-4EC8-B209-C23370903848}"
EndProject
Project("{FAE04EC0-301F-11D3-BF4B-00C04F79EFBC}") = "Cmd", "Interface\CLI\Cmd.csproj", "{5A683C05-22FD-4A13-8472-30CADE259AB5}"
EndProject
Project("{2150E333-8FDC-42A3-9474-1A3956D46DE8}") = "Interfaces", "Interfaces", "{504EE5B9-5AC7-417A-AF86-A5E652892799}"
EndProject
Global
	GlobalSection(SolutionConfigurationPlatforms) = preSolution
		Debug|Any CPU = Debug|Any CPU
		Release|Any CPU = Release|Any CPU
	EndGlobalSection
	GlobalSection(ProjectConfigurationPlatforms) = postSolution
		{8E349584-BE0D-40E5-8127-F03F906AC329}.Debug|Any CPU.ActiveCfg = Debug|Any CPU
		{8E349584-BE0D-40E5-8127-F03F906AC329}.Debug|Any CPU.Build.0 = Debug|Any CPU
		{8E349584-BE0D-40E5-8127-F03F906AC329}.Release|Any CPU.ActiveCfg = Release|Any CPU
		{8E349584-BE0D-40E5-8127-F03F906AC329}.Release|Any CPU.Build.0 = Release|Any CPU
		{42EC9F81-BF05-42BA-A95A-D40C87B781DD}.Debug|Any CPU.ActiveCfg = Debug|Any CPU
		{42EC9F81-BF05-42BA-A95A-D40C87B781DD}.Debug|Any CPU.Build.0 = Debug|Any CPU
		{42EC9F81-BF05-42BA-A95A-D40C87B781DD}.Release|Any CPU.ActiveCfg = Release|Any CPU
		{42EC9F81-BF05-42BA-A95A-D40C87B781DD}.Release|Any CPU.Build.0 = Release|Any CPU
		{5A683C05-22FD-4A13-8472-30CADE259AB5}.Debug|Any CPU.ActiveCfg = Debug|Any CPU
		{5A683C05-22FD-4A13-8472-30CADE259AB5}.Debug|Any CPU.Build.0 = Debug|Any CPU
		{5A683C05-22FD-4A13-8472-30CADE259AB5}.Release|Any CPU.ActiveCfg = Release|Any CPU
		{5A683C05-22FD-4A13-8472-30CADE259AB5}.Release|Any CPU.Build.0 = Release|Any CPU
	EndGlobalSection
	GlobalSection(SolutionProperties) = preSolution
		HideSolutionNode = FALSE
	EndGlobalSection
	GlobalSection(NestedProjects) = preSolution
		{8E349584-BE0D-40E5-8127-F03F906AC329} = {CDC7A748-3B83-4EC8-B209-C23370903848}
		{42EC9F81-BF05-42BA-A95A-D40C87B781DD} = {CDC7A748-3B83-4EC8-B209-C23370903848}
		{5A683C05-22FD-4A13-8472-30CADE259AB5} = {504EE5B9-5AC7-417A-AF86-A5E652892799}
	EndGlobalSection
	GlobalSection(ExtensibilityGlobals) = postSolution
		SolutionGuid = {F1CD43FF-A854-43EC-8EC8-A4DEEB835920}
	EndGlobalSection
EndGlobal
